
Microsoft Visual Studio Solution File, Format Version 12.00
# Visual Studio Version 16
VisualStudioVersion = 16.0.31424.327
MinimumVisualStudioVersion = 10.0.40219.1
Project("{FAE04EC0-301F-11D3-BF4B-00C04F79EFBC}") = "Word Frequency", "Word Frequency\Word Frequency.csproj", "{B199DBA6-0114-49F6-A952-E1337A554A16}"
EndProject
Global
	GlobalSection(SolutionConfigurationPlatforms) = preSolution
		Debug|Any CPU = Debug|Any CPU
		Release|Any CPU = Release|Any CPU
	EndGlobalSection
	GlobalSection(ProjectConfigurationPlatforms) = postSolution
		{B199DBA6-0114-49F6-A952-E1337A554A16}.Debug|Any CPU.ActiveCfg = Debug|Any CPU
		{B199DBA6-0114-49F6-A952-E1337A554A16}.Debug|Any CPU.Build.0 = Debug|Any CPU
		{B199DBA6-0114-49F6-A952-E1337A554A16}.Release|Any CPU.ActiveCfg = Release|Any CPU
		{B199DBA6-0114-49F6-A952-E1337A554A16}.Release|Any CPU.Build.0 = Release|Any CPU
	EndGlobalSection
	GlobalSection(SolutionProperties) = preSolution
		HideSolutionNode = FALSE
	EndGlobalSection
	GlobalSection(ExtensibilityGlobals) = postSolution
		SolutionGuid = {7708AFE9-F1DE-424B-8F84-4AD359A68448}
	EndGlobalSection
EndGlobal
